version = 1
requires = ["fastapi>=0.110.0", "gradio>=4.0.0", "openenv-core>=0.2.0", "pydantic>=2.0.0", "requests>=2.31.0", "uvicorn>=0.29.0"]

[[package]]
name = "fastapi"
version = "0.110.0"
source = { registry = "https://pypi.org/simple" }

[[package]]
name = "gradio"
version = "4.0.0"
source = { registry = "https://pypi.org/simple" }

[[package]]
name = "openenv-core"
version = "0.2.0"
source = { registry = "https://pypi.org/simple" }

[[package]]
name = "pydantic"
version = "2.0.0"
source = { registry = "https://pypi.org/simple" }

[[package]]
name = "requests"
version = "2.31.0"
source = { registry = "https://pypi.org/simple" }

[[package]]
name = "uvicorn"
version = "0.29.0"
source = { registry = "https://pypi.org/simple" }
